// !$*UTF8*$!
{
	archiveVersion = 1;
	classes = {
	};
	objectVersion = 77;
	objects = {

/* Begin PBXContainerItemProxy section */
		5D37BD3E2CC4F9AD00497928 /* PBXContainerItemProxy */ = {
			isa = PBXContainerItemProxy;
			containerPortal = 5D37BD252CC4F9AC00497928 /* Project object */;
			proxyType = 1;
			remoteGlobalIDString = 5D37BD2C2CC4F9AC00497928;
			remoteInfo = plants;
		};
		5D37BD482CC4F9AD00497928 /* PBXContainerItemProxy */ = {
			isa = PBXContainerItemProxy;
			containerPortal = 5D37BD252CC4F9AC00497928 /* Project object */;
			proxyType = 1;
			remoteGlobalIDString = 5D37BD2C2CC4F9AC00497928;
			remoteInfo = plants;
		};
/* End PBXContainerItemProxy section */

/* Begin PBXFileReference section */
		5D37BD2D2CC4F9AC00497928 /* plants.app */ = {isa = PBXFileReference; explicitFileType = wrapper.application; includeInIndex = 0; path = plants.app; sourceTree = BUILT_PRODUCTS_DIR; };
		5D37BD3D2CC4F9AD00497928 /* plantsTests.xctest */ = {isa = PBXFileReference; explicitFileType = wrapper.cfbundle; includeInIndex = 0; path = plantsTests.xctest; sourceTree = BUILT_PRODUCTS_DIR; };
		5D37BD472CC4F9AD00497928 /* plantsUITests.xctest */ = {isa = PBXFileReference; explicitFileType = wrapper.cfbundle; includeInIndex = 0; path = plantsUITests.xctest; sourceTree = BUILT_PRODUCTS_DIR; };
/* End PBXFileReference section */

/* Begin PBXFileSystemSynchronizedRootGroup section */
		5D37BD2F2CC4F9AC00497928 /* plants */ = {
			isa = PBXFileSystemSynchronizedRootGroup;
			path = plants;
			sourceTree = "<group>";
		};
		5D37BD402CC4F9AD00497928 /* plantsTests */ = {
			isa = PBXFileSystemSynchronizedRootGroup;
			path = plantsTests;
			sourceTree = "<group>";
		};
		5D37BD4A2CC4F9AD00497928 /* plantsUITests */ = {
			isa = PBXFileSystemSynchronizedRootGroup;
			path = plantsUITests;
			sourceTree = "<group>";
		};
/* End PBXFileSystemSynchronizedRootGroup section */

/* Begin PBXFrameworksBuildPhase section */
		5D37BD2A2CC4F9AC00497928 /* Frameworks */ = {
			isa = PBXFrameworksBuildPhase;
			buildActionMask = 2147483647;
			files = (
			);
			runOnlyForDeploymentPostprocessing = 0;
		};
		5D37BD3A2CC4F9AD00497928 /* Frameworks */ = {
			isa = PBXFrameworksBuildPhase;
			buildActionMask = 2147483647;
			files = (
			);
			runOnlyForDeploymentPostprocessing = 0;
		};
		5D37BD442CC4F9AD00497928 /* Frameworks */ = {
			isa = PBXFrameworksBuildPhase;
			buildActionMask = 2147483647;
			files = (
			);
			runOnlyForDeploymentPostprocessing = 0;
		};
/* End PBXFrameworksBuildPhase section */

/* Begin PBXGroup section */
		5D37BD242CC4F9AC00497928 = {
			isa = PBXGroup;
			children = (
				5D37BD2F2CC4F9AC00497928 /* plants */,
				5D37BD402CC4F9AD00497928 /* plantsTests */,
				5D37BD4A2CC4F9AD00497928 /* plantsUITests */,
				5D37BD2E2CC4F9AC00497928 /* Products */,
			);
			sourceTree = "<group>";
		};
		5D37BD2E2CC4F9AC00497928 /* Products */ = {
			isa = PBXGroup;
			children = (
				5D37BD2D2CC4F9AC00497928 /* plants.app */,
				5D37BD3D2CC4F9AD00497928 /* plantsTests.xctest */,
				5D37BD472CC4F9AD00497928 /* plantsUITests.xctest */,
			);
			name = Products;
			sourceTree = "<group>";
		};
/* End PBXGroup section */

/* Begin PBXNativeTarget section */
		5D37BD2C2CC4F9AC00497928 /* plants */ = {
			isa = PBXNativeTarget;
			buildConfigurationList = 5D37BD512CC4F9AD00497928 /* Build configuration list for PBXNativeTarget "plants" */;
			buildPhases = (
				5D37BD292CC4F9AC00497928 /* Sources */,
				5D37BD2A2CC4F9AC00497928 /* Frameworks */,
				5D37BD2B2CC4F9AC00497928 /* Resources */,
			);
			buildRules = (
			);
			dependencies = (
			);
			fileSystemSynchronizedGroups = (
				5D37BD2F2CC4F9AC00497928 /* plants */,
			);
			name = plants;
			packageProductDependencies = (
			);
			productName = plants;
			productReference = 5D37BD2D2CC4F9AC00497928 /* plants.app */;
			productType = "com.apple.product-type.application";
		};
		5D37BD3C2CC4F9AD00497928 /* plantsTests */ = {
			isa = PBXNativeTarget;
			buildConfigurationList = 5D37BD542CC4F9AD00497928 /* Build configuration list for PBXNativeTarget "plantsTests" */;
			buildPhases = (
				5D37BD392CC4F9AD00497928 /* Sources */,
				5D37BD3A2CC4F9AD00497928 /* Frameworks */,
				5D37BD3B2CC4F9AD00497928 /* Resources */,
			);
			buildRules = (
			);
			dependencies = (
				5D37BD3F2CC4F9AD00497928 /* PBXTargetDependency */,
			);
			fileSystemSynchronizedGroups = (
				5D37BD402CC4F9AD00497928 /* plantsTests */,
			);
			name = plantsTests;
			packageProductDependencies = (
			);
			productName = plantsTests;
			productReference = 5D37BD3D2CC4F9AD00497928 /* plantsTests.xctest */;
			productType = "com.apple.product-type.bundle.unit-test";
		};
		5D37BD462CC4F9AD00497928 /* plantsUITests */ = {
			isa = PBXNativeTarget;
			buildConfigurationList = 5D37BD572CC4F9AD00497928 /* Build configuration list for PBXNativeTarget "plantsUITests" */;
			buildPhases = (
				5D37BD432CC4F9AD00497928 /* Sources */,
				5D37BD442CC4F9AD00497928 /* Frameworks */,
				5D37BD452CC4F9AD00497928 /* Resources */,
			);
			buildRules = (
			);
			dependencies = (
				5D37BD492CC4F9AD00497928 /* PBXTargetDependency */,
			);
			fileSystemSynchronizedGroups = (
				5D37BD4A2CC4F9AD00497928 /* plantsUITests */,
			);
			name = plantsUITests;
			packageProductDependencies = (
			);
			productName = plantsUITests;
			productReference = 5D37BD472CC4F9AD00497928 /* plantsUITests.xctest */;
			productType = "com.apple.product-type.bundle.ui-testing";
		};
/* End PBXNativeTarget section */

/* Begin PBXProject section */
		5D37BD252CC4F9AC00497928 /* Project object */ = {
			isa = PBXProject;
			attributes = {
				BuildIndependentTargetsInParallel = 1;
				LastSwiftUpdateCheck = 1600;
				LastUpgradeCheck = 1600;
				TargetAttributes = {
					5D37BD2C2CC4F9AC00497928 = {
						CreatedOnToolsVersion = 16.0;
					};
					5D37BD3C2CC4F9AD00497928 = {
						CreatedOnToolsVersion = 16.0;
						TestTargetID = 5D37BD2C2CC4F9AC00497928;
					};
					5D37BD462CC4F9AD00497928 = {
						CreatedOnToolsVersion = 16.0;
						TestTargetID = 5D37BD2C2CC4F9AC00497928;
					};
				};
			};
			buildConfigurationList = 5D37BD282CC4F9AC00497928 /* Build configuration list for PBXProject "plants" */;
			developmentRegion = en;
			hasScannedForEncodings = 0;
			knownRegions = (
				en,
				Base,
			);
			mainGroup = 5D37BD242CC4F9AC00497928;
			minimizedProjectReferenceProxies = 1;
			preferredProjectObjectVersion = 77;
			productRefGroup = 5D37BD2E2CC4F9AC00497928 /* Products */;
			projectDirPath = "";
			projectRoot = "";
			targets = (
				5D37BD2C2CC4F9AC00497928 /* plants */,
				5D37BD3C2CC4F9AD00497928 /* plantsTests */,
				5D37BD462CC4F9AD00497928 /* plantsUITests */,
			);
		};
/* End PBXProject section */

/* Begin PBXResourcesBuildPhase section */
		5D37BD2B2CC4F9AC00497928 /* Resources */ = {
			isa = PBXResourcesBuildPhase;
			buildActionMask = 2147483647;
			files = (
			);
			runOnlyForDeploymentPostprocessing = 0;
		};
		5D37BD3B2CC4F9AD00497928 /* Resources */ = {
			isa = PBXResourcesBuildPhase;
			buildActionMask = 2147483647;
			files = (
			);
			runOnlyForDeploymentPostprocessing = 0;
		};
		5D37BD452CC4F9AD00497928 /* Resources */ = {
			isa = PBXResourcesBuildPhase;
			buildActionMask = 2147483647;
			files = (
			);
			runOnlyForDeploymentPostprocessing = 0;
		};
/* End PBXResourcesBuildPhase section */

/* Begin PBXSourcesBuildPhase section */
		5D37BD292CC4F9AC00497928 /* Sources */ = {
			isa = PBXSourcesBuildPhase;
			buildActionMask = 2147483647;
			files = (
			);
			runOnlyForDeploymentPostprocessing = 0;
		};
		5D37BD392CC4F9AD00497928 /* Sources */ = {
			isa = PBXSourcesBuildPhase;
			buildActionMask = 2147483647;
			files = (
			);
			runOnlyForDeploymentPostprocessing = 0;
		};
		5D37BD432CC4F9AD00497928 /* Sources */ = {
			isa = PBXSourcesBuildPhase;
			buildActionMask = 2147483647;
			files = (
			);
			runOnlyForDeploymentPostprocessing = 0;
		};
/* End PBXSourcesBuildPhase section */

/* Begin PBXTargetDependency section */
		5D37BD3F2CC4F9AD00497928 /* PBXTargetDependency */ = {
			isa = PBXTargetDependency;
			target = 5D37BD2C2CC4F9AC00497928 /* plants */;
			targetProxy = 5D37BD3E2CC4F9AD00497928 /* PBXContainerItemProxy */;
		};
		5D37BD492CC4F9AD00497928 /* PBXTargetDependency */ = {
			isa = PBXTargetDependency;
			target = 5D37BD2C2CC4F9AC00497928 /* plants */;
			targetProxy = 5D37BD482CC4F9AD00497928 /* PBXContainerItemProxy */;
		};
/* End PBXTargetDependency section */

/* Begin XCBuildConfiguration section */
		5D37BD4F2CC4F9AD00497928 /* Debug */ = {
			isa = XCBuildConfiguration;
			buildSettings = {
				ALWAYS_SEARCH_USER_PATHS = NO;
				ASSETCATALOG_COMPILER_GENERATE_SWIFT_ASSET_SYMBOL_EXTENSIONS = YES;
				CLANG_ANALYZER_NONNULL = YES;
				CLANG_ANALYZER_NUMBER_OBJECT_CONVERSION = YES_AGGRESSIVE;
				CLANG_CXX_LANGUAGE_STANDARD = "gnu++20";
				CLANG_ENABLE_MODULES = YES;
				CLANG_ENABLE_OBJC_ARC = YES;
				CLANG_ENABLE_OBJC_WEAK = YES;
				CLANG_WARN_BLOCK_CAPTURE_AUTORELEASING = YES;
				CLANG_WARN_BOOL_CONVERSION = YES;
				CLANG_WARN_COMMA = YES;
				CLANG_WARN_CONSTANT_CONVERSION = YES;
				CLANG_WARN_DEPRECATED_OBJC_IMPLEMENTATIONS = YES;
				CLANG_WARN_DIRECT_OBJC_ISA_USAGE = YES_ERROR;
				CLANG_WARN_DOCUMENTATION_COMMENTS = YES;
				CLANG_WARN_EMPTY_BODY = YES;
				CLANG_WARN_ENUM_CONVERSION = YES;
				CLANG_WARN_INFINITE_RECURSION = YES;
				CLANG_WARN_INT_CONVERSION = YES;
				CLANG_WARN_NON_LITERAL_NULL_CONVERSION = YES;
				CLANG_WARN_OBJC_IMPLICIT_RETAIN_SELF = YES;
				CLANG_WARN_OBJC_LITERAL_CONVERSION = YES;
				CLANG_WARN_OBJC_ROOT_CLASS = YES_ERROR;
				CLANG_WARN_QUOTED_INCLUDE_IN_FRAMEWORK_HEADER = YES;
				CLANG_WARN_RANGE_LOOP_ANALYSIS = YES;
				CLANG_WARN_STRICT_PROTOTYPES = YES;
				CLANG_WARN_SUSPICIOUS_MOVE = YES;
				CLANG_WARN_UNGUARDED_AVAILABILITY = YES_AGGRESSIVE;
				CLANG_WARN_UNREACHABLE_CODE = YES;
				CLANG_WARN__DUPLICATE_METHOD_MATCH = YES;
				COPY_PHASE_STRIP = NO;
				DEBUG_INFORMATION_FORMAT = dwarf;
				ENABLE_STRICT_OBJC_MSGSEND = YES;
				ENABLE_TESTABILITY = YES;
				ENABLE_USER_SCRIPT_SANDBOXING = YES;
				GCC_C_LANGUAGE_STANDARD = gnu17;
				GCC_DYNAMIC_NO_PIC = NO;
				GCC_NO_COMMON_BLOCKS = YES;
				GCC_OPTIMIZATION_LEVEL = 0;
				GCC_PREPROCESSOR_DEFINITIONS = (
					"DEBUG=1",
					"$(inherited)",
				);
				GCC_WARN_64_TO_32_BIT_CONVERSION = YES;
				GCC_WARN_ABOUT_RETURN_TYPE = YES_ERROR;
				GCC_WARN_UNDECLARED_SELECTOR = YES;
				GCC_WARN_UNINITIALIZED_AUTOS = YES_AGGRESSIVE;
				GCC_WARN_UNUSED_FUNCTION = YES;
				GCC_WARN_UNUSED_VARIABLE = YES;
				IPHONEOS_DEPLOYMENT_TARGET = 18.0;
				LOCALIZATION_PREFERS_STRING_CATALOGS = YES;
				MTL_ENABLE_DEBUG_INFO = INCLUDE_SOURCE;
				MTL_FAST_MATH = YES;
				ONLY_ACTIVE_ARCH = YES;
				SDKROOT = iphoneos;
				SWIFT_ACTIVE_COMPILATION_CONDITIONS = "DEBUG $(inherited)";
				SWIFT_OPTIMIZATION_LEVEL = "-Onone";
			};
			name = Debug;
		};
		5D37BD502CC4F9AD00497928 /* Release */ = {
			isa = XCBuildConfiguration;
			buildSettings = {
				ALWAYS_SEARCH_USER_PATHS = NO;
				ASSETCATALOG_COMPILER_GENERATE_SWIFT_ASSET_SYMBOL_EXTENSIONS = YES;
				CLANG_ANALYZER_NONNULL = YES;
				CLANG_ANALYZER_NUMBER_OBJECT_CONVERSION = YES_AGGRESSIVE;
				CLANG_CXX_LANGUAGE_STANDARD = "gnu++20";
				CLANG_ENABLE_MODULES = YES;
				CLANG_ENABLE_OBJC_ARC = YES;
				CLANG_ENABLE_OBJC_WEAK = YES;
				CLANG_WARN_BLOCK_CAPTURE_AUTORELEASING = YES;
				CLANG_WARN_BOOL_CONVERSION = YES;
				CLANG_WARN_COMMA = YES;
				CLANG_WARN_CONSTANT_CONVERSION = YES;
				CLANG_WARN_DEPRECATED_OBJC_IMPLEMENTATIONS = YES;
				CLANG_WARN_DIRECT_OBJC_ISA_USAGE = YES_ERROR;
				CLANG_WARN_DOCUMENTATION_COMMENTS = YES;
				CLANG_WARN_EMPTY_BODY = YES;
				CLANG_WARN_ENUM_CONVERSION = YES;
				CLANG_WARN_INFINITE_RECURSION = YES;
				CLANG_WARN_INT_CONVERSION = YES;
				CLANG_WARN_NON_LITERAL_NULL_CONVERSION = YES;
				CLANG_WARN_OBJC_IMPLICIT_RETAIN_SELF = YES;
				CLANG_WARN_OBJC_LITERAL_CONVERSION = YES;
				CLANG_WARN_OBJC_ROOT_CLASS = YES_ERROR;
				CLANG_WARN_QUOTED_INCLUDE_IN_FRAMEWORK_HEADER = YES;
				CLANG_WARN_RANGE_LOOP_ANALYSIS = YES;
				CLANG_WARN_STRICT_PROTOTYPES = YES;
				CLANG_WARN_SUSPICIOUS_MOVE = YES;
				CLANG_WARN_UNGUARDED_AVAILABILITY = YES_AGGRESSIVE;
				CLANG_WARN_UNREACHABLE_CODE = YES;
				CLANG_WARN__DUPLICATE_METHOD_MATCH = YES;
				COPY_PHASE_STRIP = NO;
				DEBUG_INFORMATION_FORMAT = "dwarf-with-dsym";
				ENABLE_NS_ASSERTIONS = NO;
				ENABLE_STRICT_OBJC_MSGSEND = YES;
				ENABLE_USER_SCRIPT_SANDBOXING = YES;
				GCC_C_LANGUAGE_STANDARD = gnu17;
				GCC_NO_COMMON_BLOCKS = YES;
				GCC_WARN_64_TO_32_BIT_CONVERSION = YES;
				GCC_WARN_ABOUT_RETURN_TYPE = YES_ERROR;
				GCC_WARN_UNDECLARED_SELECTOR = YES;
				GCC_WARN_UNINITIALIZED_AUTOS = YES_AGGRESSIVE;
				GCC_WARN_UNUSED_FUNCTION = YES;
				GCC_WARN_UNUSED_VARIABLE = YES;
				IPHONEOS_DEPLOYMENT_TARGET = 18.0;
				LOCALIZATION_PREFERS_STRING_CATALOGS = YES;
				MTL_ENABLE_DEBUG_INFO = NO;
				MTL_FAST_MATH = YES;
				SDKROOT = iphoneos;
				SWIFT_COMPILATION_MODE = wholemodule;
				VALIDATE_PRODUCT = YES;
			};
			name = Release;
		};
		5D37BD522CC4F9AD00497928 /* Debug */ = {
			isa = XCBuildConfiguration;
			buildSettings = {
				ASSETCATALOG_COMPILER_APPICON_NAME = AppIcon;
				ASSETCATALOG_COMPILER_GLOBAL_ACCENT_COLOR_NAME = AccentColor;
				CODE_SIGN_STYLE = Automatic;
				CURRENT_PROJECT_VERSION = 1;
				DEVELOPMENT_ASSET_PATHS = "\"plants/Preview Content\"";
				ENABLE_PREVIEWS = YES;
				GENERATE_INFOPLIST_FILE = YES;
				INFOPLIST_KEY_UIApplicationSceneManifest_Generation = YES;
				INFOPLIST_KEY_UIApplicationSupportsIndirectInputEvents = YES;
				INFOPLIST_KEY_UILaunchScreen_Generation = YES;
				INFOPLIST_KEY_UISupportedInterfaceOrientations_iPad = "UIInterfaceOrientationPortrait UIInterfaceOrientationPortraitUpsideDown UIInterfaceOrientationLandscapeLeft UIInterfaceOrientationLandscapeRight";
				INFOPLIST_KEY_UISupportedInterfaceOrientations_iPhone = "UIInterfaceOrientationPortrait UIInterfaceOrientationLandscapeLeft UIInterfaceOrientationLandscapeRight";
				LD_RUNPATH_SEARCH_PATHS = (
					"$(inherited)",
					"@executable_path/Frameworks",
				);
				MARKETING_VERSION = 1.0;
				PRODUCT_BUNDLE_IDENTIFIER = com.rahaf.plants;
				PRODUCT_NAME = "$(TARGET_NAME)";
				SWIFT_EMIT_LOC_STRINGS = YES;
				SWIFT_VERSION = 5.0;
				TARGETED_DEVICE_FAMILY = "1,2";
			};
			name = Debug;
		};
		5D37BD532CC4F9AD00497928 /* Release */ = {
			isa = XCBuildConfiguration;
			buildSettings = {
				ASSETCATALOG_COMPILER_APPICON_NAME = AppIcon;
				ASSETCATALOG_COMPILER_GLOBAL_ACCENT_COLOR_NAME = AccentColor;
				CODE_SIGN_STYLE = Automatic;
				CURRENT_PROJECT_VERSION = 1;
				DEVELOPMENT_ASSET_PATHS = "\"plants/Preview Content\"";
				ENABLE_PREVIEWS = YES;
				GENERATE_INFOPLIST_FILE = YES;
				INFOPLIST_KEY_UIApplicationSceneManifest_Generation = YES;
				INFOPLIST_KEY_UIApplicationSupportsIndirectInputEvents = YES;
				INFOPLIST_KEY_UILaunchScreen_Generation = YES;
				INFOPLIST_KEY_UISupportedInterfaceOrientations_iPad = "UIInterfaceOrientationPortrait UIInterfaceOrientationPortraitUpsideDown UIInterfaceOrientationLandscapeLeft UIInterfaceOrientationLandscapeRight";
				INFOPLIST_KEY_UISupportedInterfaceOrientations_iPhone = "UIInterfaceOrientationPortrait UIInterfaceOrientationLandscapeLeft UIInterfaceOrientationLandscapeRight";
				LD_RUNPATH_SEARCH_PATHS = (
					"$(inherited)",
					"@executable_path/Frameworks",
				);
				MARKETING_VERSION = 1.0;
				PRODUCT_BUNDLE_IDENTIFIER = com.rahaf.plants;
				PRODUCT_NAME = "$(TARGET_NAME)";
				SWIFT_EMIT_LOC_STRINGS = YES;
				SWIFT_VERSION = 5.0;
				TARGETED_DEVICE_FAMILY = "1,2";
			};
			name = Release;
		};
		5D37BD552CC4F9AD00497928 /* Debug */ = {
			isa = XCBuildConfiguration;
			buildSettings = {
				BUNDLE_LOADER = "$(TEST_HOST)";
				CODE_SIGN_STYLE = Automatic;
				CURRENT_PROJECT_VERSION = 1;
				GENERATE_INFOPLIST_FILE = YES;
				IPHONEOS_DEPLOYMENT_TARGET = 18.0;
				MARKETING_VERSION = 1.0;
				PRODUCT_BUNDLE_IDENTIFIER = com.rahaf.plantsTests;
				PRODUCT_NAME = "$(TARGET_NAME)";
				SWIFT_EMIT_LOC_STRINGS = NO;
				SWIFT_VERSION = 5.0;
				TARGETED_DEVICE_FAMILY = "1,2";
				TEST_HOST = "$(BUILT_PRODUCTS_DIR)/plants.app/$(BUNDLE_EXECUTABLE_FOLDER_PATH)/plants";
			};
			name = Debug;
		};
		5D37BD562CC4F9AD00497928 /* Release */ = {
			isa = XCBuildConfiguration;
			buildSettings = {
				BUNDLE_LOADER = "$(TEST_HOST)";
				CODE_SIGN_STYLE = Automatic;
				CURRENT_PROJECT_VERSION = 1;
				GENERATE_INFOPLIST_FILE = YES;
				IPHONEOS_DEPLOYMENT_TARGET = 18.0;
				MARKETING_VERSION = 1.0;
				PRODUCT_BUNDLE_IDENTIFIER = com.rahaf.plantsTests;
				PRODUCT_NAME = "$(TARGET_NAME)";
				SWIFT_EMIT_LOC_STRINGS = NO;
				SWIFT_VERSION = 5.0;
				TARGETED_DEVICE_FAMILY = "1,2";
				TEST_HOST = "$(BUILT_PRODUCTS_DIR)/plants.app/$(BUNDLE_EXECUTABLE_FOLDER_PATH)/plants";
			};
			name = Release;
		};
		5D37BD582CC4F9AD00497928 /* Debug */ = {
			isa = XCBuildConfiguration;
			buildSettings = {
				CODE_SIGN_STYLE = Automatic;
				CURRENT_PROJECT_VERSION = 1;
				GENERATE_INFOPLIST_FILE = YES;
				MARKETING_VERSION = 1.0;
				PRODUCT_BUNDLE_IDENTIFIER = com.rahaf.plantsUITests;
				PRODUCT_NAME = "$(TARGET_NAME)";
				SWIFT_EMIT_LOC_STRINGS = NO;
				SWIFT_VERSION = 5.0;
				TARGETED_DEVICE_FAMILY = "1,2";
				TEST_TARGET_NAME = plants;
			};
			name = Debug;
		};
		5D37BD592CC4F9AD00497928 /* Release */ = {
			isa = XCBuildConfiguration;
			buildSettings = {
				CODE_SIGN_STYLE = Automatic;
				CURRENT_PROJECT_VERSION = 1;
				GENERATE_INFOPLIST_FILE = YES;
				MARKETING_VERSION = 1.0;
				PRODUCT_BUNDLE_IDENTIFIER = com.rahaf.plantsUITests;
				PRODUCT_NAME = "$(TARGET_NAME)";
				SWIFT_EMIT_LOC_STRINGS = NO;
				SWIFT_VERSION = 5.0;
				TARGETED_DEVICE_FAMILY = "1,2";
				TEST_TARGET_NAME = plants;
			};
			name = Release;
		};
/* End XCBuildConfiguration section */

/* Begin XCConfigurationList section */
		5D37BD282CC4F9AC00497928 /* Build configuration list for PBXProject "plants" */ = {
			isa = XCConfigurationList;
			buildConfigurations = (
				5D37BD4F2CC4F9AD00497928 /* Debug */,
				5D37BD502CC4F9AD00497928 /* Release */,
			);
			defaultConfigurationIsVisible = 0;
			defaultConfigurationName = Release;
		};
		5D37BD512CC4F9AD00497928 /* Build configuration list for PBXNativeTarget "plants" */ = {
			isa = XCConfigurationList;
			buildConfigurations = (
				5D37BD522CC4F9AD00497928 /* Debug */,
				5D37BD532CC4F9AD00497928 /* Release */,
			);
			defaultConfigurationIsVisible = 0;
			defaultConfigurationName = Release;
		};
		5D37BD542CC4F9AD00497928 /* Build configuration list for PBXNativeTarget "plantsTests" */ = {
			isa = XCConfigurationList;
			buildConfigurations = (
				5D37BD552CC4F9AD00497928 /* Debug */,
				5D37BD562CC4F9AD00497928 /* Release */,
			);
			defaultConfigurationIsVisible = 0;
			defaultConfigurationName = Release;
		};
		5D37BD572CC4F9AD00497928 /* Build configuration list for PBXNativeTarget "plantsUITests" */ = {
			isa = XCConfigurationList;
			buildConfigurations = (
				5D37BD582CC4F9AD00497928 /* Debug */,
				5D37BD592CC4F9AD00497928 /* Release */,
			);
			defaultConfigurationIsVisible = 0;
			defaultConfigurationName = Release;
		};
/* End XCConfigurationList section */
	};
	rootObject = 5D37BD252CC4F9AC00497928 /* Project object */;
}
